
Microsoft Visual Studio Solution File, Format Version 12.00
# Visual Studio Version 17
VisualStudioVersion = 17.7.34024.191
MinimumVisualStudioVersion = 10.0.40219.1
Project("{FAE04EC0-301F-11D3-BF4B-00C04F79EFBC}") = "RestAPI", "RestAPI\RestAPI.csproj", "{2704A185-C82D-4BE0-88EC-5A95F8E76EBA}"
EndProject
Global
	GlobalSection(SolutionConfigurationPlatforms) = preSolution
		Debug|Any CPU = Debug|Any CPU
		Release|Any CPU = Release|Any CPU
	EndGlobalSection
	GlobalSection(ProjectConfigurationPlatforms) = postSolution
		{2704A185-C82D-4BE0-88EC-5A95F8E76EBA}.Debug|Any CPU.ActiveCfg = Debug|Any CPU
		{2704A185-C82D-4BE0-88EC-5A95F8E76EBA}.Debug|Any CPU.Build.0 = Debug|Any CPU
		{2704A185-C82D-4BE0-88EC-5A95F8E76EBA}.Release|Any CPU.ActiveCfg = Release|Any CPU
		{2704A185-C82D-4BE0-88EC-5A95F8E76EBA}.Release|Any CPU.Build.0 = Release|Any CPU
	EndGlobalSection
	GlobalSection(SolutionProperties) = preSolution
		HideSolutionNode = FALSE
	EndGlobalSection
	GlobalSection(ExtensibilityGlobals) = postSolution
		SolutionGuid = {C95F2952-538D-4023-8EE4-D3C92808E39F}
	EndGlobalSection
EndGlobal
